
Microsoft Visual Studio Solution File, Format Version 12.00
# Visual Studio Version 17
VisualStudioVersion = 17.7.34202.233
MinimumVisualStudioVersion = 10.0.40219.1
Project("{FAE04EC0-301F-11D3-BF4B-00C04F79EFBC}") = "AdventOfCode", "..\AdventOfCode\AdventOfCode\AdventOfCode.csproj", "{EBB07FE7-14EF-48B0-8B9F-F26E1948E0A1}"
	ProjectSection(ProjectDependencies) = postProject
		{046980B3-035B-4F81-9787-F92BCE9FC221} = {046980B3-035B-4F81-9787-F92BCE9FC221}
		{0A61C016-5DC8-4D69-BDFC-922BA62F3231} = {0A61C016-5DC8-4D69-BDFC-922BA62F3231}
		{176DC3FA-8A47-4D94-B8CB-A35B570819BA} = {176DC3FA-8A47-4D94-B8CB-A35B570819BA}
		{26448FFC-A08C-4E40-AA57-4B3B84C4E275} = {26448FFC-A08C-4E40-AA57-4B3B84C4E275}
		{27EC66CE-1783-4DBE-B40B-9D021A82A707} = {27EC66CE-1783-4DBE-B40B-9D021A82A707}
		{2971FA9D-5685-430A-A8CF-76CE4FE890B2} = {2971FA9D-5685-430A-A8CF-76CE4FE890B2}
		{2BF17D79-39F4-441C-912D-ED182B7881F5} = {2BF17D79-39F4-441C-912D-ED182B7881F5}
		{2E22B197-1CF8-44B1-818D-F2A404DDE07F} = {2E22B197-1CF8-44B1-818D-F2A404DDE07F}
		{401B1E8B-E149-472E-B268-DC8940D86887} = {401B1E8B-E149-472E-B268-DC8940D86887}
		{56F2C6C2-40CD-4F04-A09B-07346E16851A} = {56F2C6C2-40CD-4F04-A09B-07346E16851A}
		{64484D43-5AED-4AFF-9695-2FB6AD6B11F5} = {64484D43-5AED-4AFF-9695-2FB6AD6B11F5}
		{7B4840CD-6509-488F-AE19-763245B9732B} = {7B4840CD-6509-488F-AE19-763245B9732B}
		{82036008-C63F-43BE-92EB-1B132CF0A3D2} = {82036008-C63F-43BE-92EB-1B132CF0A3D2}
		{90E5124D-09E8-429A-ABA9-732730A1CF7C} = {90E5124D-09E8-429A-ABA9-732730A1CF7C}
		{9BF19029-60CE-400E-BC6B-BD47F70E7E1C} = {9BF19029-60CE-400E-BC6B-BD47F70E7E1C}
		{A591C743-1630-4045-8A1E-165EDC6B061E} = {A591C743-1630-4045-8A1E-165EDC6B061E}
		{AEC05008-5ED8-4515-84F1-D70101060EF6} = {AEC05008-5ED8-4515-84F1-D70101060EF6}
		{BA4D55B7-5836-42D2-A883-D2F0B5D27BF8} = {BA4D55B7-5836-42D2-A883-D2F0B5D27BF8}
		{C016AA87-02DB-4872-AEA8-8C43A01C34CC} = {C016AA87-02DB-4872-AEA8-8C43A01C34CC}
		{C1993259-EE1E-4677-90B8-9D6D00B81101} = {C1993259-EE1E-4677-90B8-9D6D00B81101}
		{CC3446D6-E212-4E34-8DF0-D93D5FB5017F} = {CC3446D6-E212-4E34-8DF0-D93D5FB5017F}
		{CC7D7269-ADDD-40C6-8092-688B9DF0AC4B} = {CC7D7269-ADDD-40C6-8092-688B9DF0AC4B}
		{D0EEF0AA-3EF9-465B-B803-D6688EAF058F} = {D0EEF0AA-3EF9-465B-B803-D6688EAF058F}
		{D8D8644F-F860-4F58-BE43-412F071E8A53} = {D8D8644F-F860-4F58-BE43-412F071E8A53}
		{E1759708-12D2-4C86-87D8-8AEE73BC4031} = {E1759708-12D2-4C86-87D8-8AEE73BC4031}
		{E341415E-AD89-419B-9F95-E44500B3E2E8} = {E341415E-AD89-419B-9F95-E44500B3E2E8}
	EndProjectSection
EndProject
Project("{FAE04EC0-301F-11D3-BF4B-00C04F79EFBC}") = "Interfaces", "..\AdventOfCode\Interfaces\Interfaces.csproj", "{8E871211-7987-4960-81C6-25538DFDCA91}"
EndProject
Project("{FAE04EC0-301F-11D3-BF4B-00C04F79EFBC}") = "LeaderboardLib", "..\AdventOfCode\LeaderboardLib\LeaderboardLib.csproj", "{283981D9-3B81-4C0D-BBED-F012C6CE97BF}"
EndProject
Project("{FAE04EC0-301F-11D3-BF4B-00C04F79EFBC}") = "AoCLib", "..\AdventOfCode\AoCLib\AoCLib.csproj", "{046980B3-035B-4F81-9787-F92BCE9FC221}"
EndProject
Project("{FAE04EC0-301F-11D3-BF4B-00C04F79EFBC}") = "SolverAOC2023_01", "SolverAOC2023_01\SolverAOC2023_01.csproj", "{56F2C6C2-40CD-4F04-A09B-07346E16851A}"
EndProject
Project("{FAE04EC0-301F-11D3-BF4B-00C04F79EFBC}") = "SolverAOC2023_02", "SolverAOC2023_02\SolverAOC2023_02.csproj", "{9BF19029-60CE-400E-BC6B-BD47F70E7E1C}"
EndProject
Project("{FAE04EC0-301F-11D3-BF4B-00C04F79EFBC}") = "SolverAOC2023_03", "SolverAOC2023_03\SolverAOC2023_03.csproj", "{2E22B197-1CF8-44B1-818D-F2A404DDE07F}"
EndProject
Project("{FAE04EC0-301F-11D3-BF4B-00C04F79EFBC}") = "SolverAOC2023_04", "SolverAOC2023_04\SolverAOC2023_04.csproj", "{A591C743-1630-4045-8A1E-165EDC6B061E}"
EndProject
Project("{FAE04EC0-301F-11D3-BF4B-00C04F79EFBC}") = "SolverAOC2023_05", "SolverAOC2023_05\SolverAOC2023_05.csproj", "{64484D43-5AED-4AFF-9695-2FB6AD6B11F5}"
EndProject
Project("{FAE04EC0-301F-11D3-BF4B-00C04F79EFBC}") = "SolverAOC2023_06", "SolverAOC2023_06\SolverAOC2023_06.csproj", "{E1759708-12D2-4C86-87D8-8AEE73BC4031}"
EndProject
Project("{FAE04EC0-301F-11D3-BF4B-00C04F79EFBC}") = "SolverAOC2023_07", "SolverAOC2023_07\SolverAOC2023_07.csproj", "{BA4D55B7-5836-42D2-A883-D2F0B5D27BF8}"
EndProject
Project("{FAE04EC0-301F-11D3-BF4B-00C04F79EFBC}") = "SolverAOC2023_08", "SolverAOC2023_08\SolverAOC2023_08.csproj", "{26448FFC-A08C-4E40-AA57-4B3B84C4E275}"
EndProject
Project("{FAE04EC0-301F-11D3-BF4B-00C04F79EFBC}") = "SolverAOC2023_09", "SolverAOC2023_09\SolverAOC2023_09.csproj", "{E341415E-AD89-419B-9F95-E44500B3E2E8}"
EndProject
Project("{FAE04EC0-301F-11D3-BF4B-00C04F79EFBC}") = "SolverAOC2023_10", "SolverAOC2023_10\SolverAOC2023_10.csproj", "{C016AA87-02DB-4872-AEA8-8C43A01C34CC}"
EndProject
Project("{FAE04EC0-301F-11D3-BF4B-00C04F79EFBC}") = "SolverAOC2023_11", "SolverAOC2023_11\SolverAOC2023_11.csproj", "{D0EEF0AA-3EF9-465B-B803-D6688EAF058F}"
EndProject
Project("{FAE04EC0-301F-11D3-BF4B-00C04F79EFBC}") = "SolverAOC2023_12", "SolverAOC2023_12\SolverAOC2023_12.csproj", "{D8D8644F-F860-4F58-BE43-412F071E8A53}"
EndProject
Project("{FAE04EC0-301F-11D3-BF4B-00C04F79EFBC}") = "SolverAOC2023_13", "SolverAOC2023_13\SolverAOC2023_13.csproj", "{2971FA9D-5685-430A-A8CF-76CE4FE890B2}"
EndProject
Project("{FAE04EC0-301F-11D3-BF4B-00C04F79EFBC}") = "SolverAOC2023_14", "SolverAOC2023_14\SolverAOC2023_14.csproj", "{CC7D7269-ADDD-40C6-8092-688B9DF0AC4B}"
EndProject
Project("{FAE04EC0-301F-11D3-BF4B-00C04F79EFBC}") = "SolverAOC2023_15", "SolverAOC2023_15\SolverAOC2023_15.csproj", "{27EC66CE-1783-4DBE-B40B-9D021A82A707}"
EndProject
Project("{FAE04EC0-301F-11D3-BF4B-00C04F79EFBC}") = "SolverAOC2023_16", "SolverAOC2023_16\SolverAOC2023_16.csproj", "{C1993259-EE1E-4677-90B8-9D6D00B81101}"
EndProject
Project("{FAE04EC0-301F-11D3-BF4B-00C04F79EFBC}") = "SolverAOC2023_17", "SolverAOC2023_17\SolverAOC2023_17.csproj", "{0A61C016-5DC8-4D69-BDFC-922BA62F3231}"
EndProject
Project("{FAE04EC0-301F-11D3-BF4B-00C04F79EFBC}") = "SolverAOC2023_18", "SolverAOC2023_18\SolverAOC2023_18.csproj", "{90E5124D-09E8-429A-ABA9-732730A1CF7C}"
EndProject
Project("{FAE04EC0-301F-11D3-BF4B-00C04F79EFBC}") = "SolverAOC2023_19", "SolverAOC2023_19\SolverAOC2023_19.csproj", "{2BF17D79-39F4-441C-912D-ED182B7881F5}"
EndProject
Project("{FAE04EC0-301F-11D3-BF4B-00C04F79EFBC}") = "SolverAOC2023_20", "SolverAOC2023_20\SolverAOC2023_20.csproj", "{7B4840CD-6509-488F-AE19-763245B9732B}"
EndProject
Project("{FAE04EC0-301F-11D3-BF4B-00C04F79EFBC}") = "SolverAOC2023_21", "SolverAOC2023_21\SolverAOC2023_21.csproj", "{AEC05008-5ED8-4515-84F1-D70101060EF6}"
EndProject
Project("{FAE04EC0-301F-11D3-BF4B-00C04F79EFBC}") = "SolverAOC2023_22", "SolverAOC2023_22\SolverAOC2023_22.csproj", "{401B1E8B-E149-472E-B268-DC8940D86887}"
EndProject
Project("{FAE04EC0-301F-11D3-BF4B-00C04F79EFBC}") = "SolverAOC2023_23", "SolverAOC2023_23\SolverAOC2023_23.csproj", "{82036008-C63F-43BE-92EB-1B132CF0A3D2}"
EndProject
Project("{FAE04EC0-301F-11D3-BF4B-00C04F79EFBC}") = "SolverAOC2023_24", "SolverAOC2023_24\SolverAOC2023_24.csproj", "{CC3446D6-E212-4E34-8DF0-D93D5FB5017F}"
EndProject
Project("{FAE04EC0-301F-11D3-BF4B-00C04F79EFBC}") = "SolverAOC2023_25", "SolverAOC2023_25\SolverAOC2023_25.csproj", "{176DC3FA-8A47-4D94-B8CB-A35B570819BA}"
EndProject
Global
	GlobalSection(SolutionConfigurationPlatforms) = preSolution
		Debug|Any CPU = Debug|Any CPU
		Debug|x64 = Debug|x64
		Debug|x86 = Debug|x86
		Release|Any CPU = Release|Any CPU
		Release|x64 = Release|x64
		Release|x86 = Release|x86
	EndGlobalSection
	GlobalSection(ProjectConfigurationPlatforms) = postSolution
		{EBB07FE7-14EF-48B0-8B9F-F26E1948E0A1}.Debug|Any CPU.ActiveCfg = Debug|Any CPU
		{EBB07FE7-14EF-48B0-8B9F-F26E1948E0A1}.Debug|Any CPU.Build.0 = Debug|Any CPU
		{EBB07FE7-14EF-48B0-8B9F-F26E1948E0A1}.Debug|x64.ActiveCfg = Debug|x64
		{EBB07FE7-14EF-48B0-8B9F-F26E1948E0A1}.Debug|x64.Build.0 = Debug|x64
		{EBB07FE7-14EF-48B0-8B9F-F26E1948E0A1}.Debug|x86.ActiveCfg = Debug|x86
		{EBB07FE7-14EF-48B0-8B9F-F26E1948E0A1}.Debug|x86.Build.0 = Debug|x86
		{EBB07FE7-14EF-48B0-8B9F-F26E1948E0A1}.Release|Any CPU.ActiveCfg = Release|Any CPU
		{EBB07FE7-14EF-48B0-8B9F-F26E1948E0A1}.Release|Any CPU.Build.0 = Release|Any CPU
		{EBB07FE7-14EF-48B0-8B9F-F26E1948E0A1}.Release|x64.ActiveCfg = Release|x64
		{EBB07FE7-14EF-48B0-8B9F-F26E1948E0A1}.Release|x64.Build.0 = Release|x64
		{EBB07FE7-14EF-48B0-8B9F-F26E1948E0A1}.Release|x86.ActiveCfg = Release|x86
		{EBB07FE7-14EF-48B0-8B9F-F26E1948E0A1}.Release|x86.Build.0 = Release|x86
		{8E871211-7987-4960-81C6-25538DFDCA91}.Debug|Any CPU.ActiveCfg = Debug|Any CPU
		{8E871211-7987-4960-81C6-25538DFDCA91}.Debug|Any CPU.Build.0 = Debug|Any CPU
		{8E871211-7987-4960-81C6-25538DFDCA91}.Debug|x64.ActiveCfg = Debug|x64
		{8E871211-7987-4960-81C6-25538DFDCA91}.Debug|x64.Build.0 = Debug|x64
		{8E871211-7987-4960-81C6-25538DFDCA91}.Debug|x86.ActiveCfg = Debug|x86
		{8E871211-7987-4960-81C6-25538DFDCA91}.Debug|x86.Build.0 = Debug|x86
		{8E871211-7987-4960-81C6-25538DFDCA91}.Release|Any CPU.ActiveCfg = Release|Any CPU
		{8E871211-7987-4960-81C6-25538DFDCA91}.Release|Any CPU.Build.0 = Release|Any CPU
		{8E871211-7987-4960-81C6-25538DFDCA91}.Release|x64.ActiveCfg = Release|x64
		{8E871211-7987-4960-81C6-25538DFDCA91}.Release|x64.Build.0 = Release|x64
		{8E871211-7987-4960-81C6-25538DFDCA91}.Release|x86.ActiveCfg = Release|x86
		{8E871211-7987-4960-81C6-25538DFDCA91}.Release|x86.Build.0 = Release|x86
		{283981D9-3B81-4C0D-BBED-F012C6CE97BF}.Debug|Any CPU.ActiveCfg = Debug|Any CPU
		{283981D9-3B81-4C0D-BBED-F012C6CE97BF}.Debug|Any CPU.Build.0 = Debug|Any CPU
		{283981D9-3B81-4C0D-BBED-F012C6CE97BF}.Debug|x64.ActiveCfg = Debug|Any CPU
		{283981D9-3B81-4C0D-BBED-F012C6CE97BF}.Debug|x64.Build.0 = Debug|Any CPU
		{283981D9-3B81-4C0D-BBED-F012C6CE97BF}.Debug|x86.ActiveCfg = Debug|Any CPU
		{283981D9-3B81-4C0D-BBED-F012C6CE97BF}.Debug|x86.Build.0 = Debug|Any CPU
		{283981D9-3B81-4C0D-BBED-F012C6CE97BF}.Release|Any CPU.ActiveCfg = Release|Any CPU
		{283981D9-3B81-4C0D-BBED-F012C6CE97BF}.Release|Any CPU.Build.0 = Release|Any CPU
		{283981D9-3B81-4C0D-BBED-F012C6CE97BF}.Release|x64.ActiveCfg = Release|Any CPU
		{283981D9-3B81-4C0D-BBED-F012C6CE97BF}.Release|x64.Build.0 = Release|Any CPU
		{283981D9-3B81-4C0D-BBED-F012C6CE97BF}.Release|x86.ActiveCfg = Release|Any CPU
		{283981D9-3B81-4C0D-BBED-F012C6CE97BF}.Release|x86.Build.0 = Release|Any CPU
		{046980B3-035B-4F81-9787-F92BCE9FC221}.Debug|Any CPU.ActiveCfg = Debug|Any CPU
		{046980B3-035B-4F81-9787-F92BCE9FC221}.Debug|Any CPU.Build.0 = Debug|Any CPU
		{046980B3-035B-4F81-9787-F92BCE9FC221}.Debug|x64.ActiveCfg = Debug|Any CPU
		{046980B3-035B-4F81-9787-F92BCE9FC221}.Debug|x64.Build.0 = Debug|Any CPU
		{046980B3-035B-4F81-9787-F92BCE9FC221}.Debug|x86.ActiveCfg = Debug|Any CPU
		{046980B3-035B-4F81-9787-F92BCE9FC221}.Debug|x86.Build.0 = Debug|Any CPU
		{046980B3-035B-4F81-9787-F92BCE9FC221}.Release|Any CPU.ActiveCfg = Release|Any CPU
		{046980B3-035B-4F81-9787-F92BCE9FC221}.Release|Any CPU.Build.0 = Release|Any CPU
		{046980B3-035B-4F81-9787-F92BCE9FC221}.Release|x64.ActiveCfg = Release|Any CPU
		{046980B3-035B-4F81-9787-F92BCE9FC221}.Release|x64.Build.0 = Release|Any CPU
		{046980B3-035B-4F81-9787-F92BCE9FC221}.Release|x86.ActiveCfg = Release|Any CPU
		{046980B3-035B-4F81-9787-F92BCE9FC221}.Release|x86.Build.0 = Release|Any CPU
		{56F2C6C2-40CD-4F04-A09B-07346E16851A}.Debug|Any CPU.ActiveCfg = Debug|Any CPU
		{56F2C6C2-40CD-4F04-A09B-07346E16851A}.Debug|Any CPU.Build.0 = Debug|Any CPU
		{56F2C6C2-40CD-4F04-A09B-07346E16851A}.Debug|x64.ActiveCfg = Debug|x64
		{56F2C6C2-40CD-4F04-A09B-07346E16851A}.Debug|x64.Build.0 = Debug|x64
		{56F2C6C2-40CD-4F04-A09B-07346E16851A}.Debug|x86.ActiveCfg = Debug|x86
		{56F2C6C2-40CD-4F04-A09B-07346E16851A}.Debug|x86.Build.0 = Debug|x86
		{56F2C6C2-40CD-4F04-A09B-07346E16851A}.Release|Any CPU.ActiveCfg = Release|Any CPU
		{56F2C6C2-40CD-4F04-A09B-07346E16851A}.Release|Any CPU.Build.0 = Release|Any CPU
		{56F2C6C2-40CD-4F04-A09B-07346E16851A}.Release|x64.ActiveCfg = Release|x64
		{56F2C6C2-40CD-4F04-A09B-07346E16851A}.Release|x64.Build.0 = Release|x64
		{56F2C6C2-40CD-4F04-A09B-07346E16851A}.Release|x86.ActiveCfg = Release|x86
		{56F2C6C2-40CD-4F04-A09B-07346E16851A}.Release|x86.Build.0 = Release|x86
		{9BF19029-60CE-400E-BC6B-BD47F70E7E1C}.Debug|Any CPU.ActiveCfg = Debug|Any CPU
		{9BF19029-60CE-400E-BC6B-BD47F70E7E1C}.Debug|Any CPU.Build.0 = Debug|Any CPU
		{9BF19029-60CE-400E-BC6B-BD47F70E7E1C}.Debug|x64.ActiveCfg = Debug|x64
		{9BF19029-60CE-400E-BC6B-BD47F70E7E1C}.Debug|x64.Build.0 = Debug|x64
		{9BF19029-60CE-400E-BC6B-BD47F70E7E1C}.Debug|x86.ActiveCfg = Debug|x86
		{9BF19029-60CE-400E-BC6B-BD47F70E7E1C}.Debug|x86.Build.0 = Debug|x86
		{9BF19029-60CE-400E-BC6B-BD47F70E7E1C}.Release|Any CPU.ActiveCfg = Release|Any CPU
		{9BF19029-60CE-400E-BC6B-BD47F70E7E1C}.Release|Any CPU.Build.0 = Release|Any CPU
		{9BF19029-60CE-400E-BC6B-BD47F70E7E1C}.Release|x64.ActiveCfg = Release|x64
		{9BF19029-60CE-400E-BC6B-BD47F70E7E1C}.Release|x64.Build.0 = Release|x64
		{9BF19029-60CE-400E-BC6B-BD47F70E7E1C}.Release|x86.ActiveCfg = Release|x86
		{9BF19029-60CE-400E-BC6B-BD47F70E7E1C}.Release|x86.Build.0 = Release|x86
		{2E22B197-1CF8-44B1-818D-F2A404DDE07F}.Debug|Any CPU.ActiveCfg = Debug|Any CPU
		{2E22B197-1CF8-44B1-818D-F2A404DDE07F}.Debug|Any CPU.Build.0 = Debug|Any CPU
		{2E22B197-1CF8-44B1-818D-F2A404DDE07F}.Debug|x64.ActiveCfg = Debug|x64
		{2E22B197-1CF8-44B1-818D-F2A404DDE07F}.Debug|x64.Build.0 = Debug|x64
		{2E22B197-1CF8-44B1-818D-F2A404DDE07F}.Debug|x86.ActiveCfg = Debug|x86
		{2E22B197-1CF8-44B1-818D-F2A404DDE07F}.Debug|x86.Build.0 = Debug|x86
		{2E22B197-1CF8-44B1-818D-F2A404DDE07F}.Release|Any CPU.ActiveCfg = Release|Any CPU
		{2E22B197-1CF8-44B1-818D-F2A404DDE07F}.Release|Any CPU.Build.0 = Release|Any CPU
		{2E22B197-1CF8-44B1-818D-F2A404DDE07F}.Release|x64.ActiveCfg = Release|x64
		{2E22B197-1CF8-44B1-818D-F2A404DDE07F}.Release|x64.Build.0 = Release|x64
		{2E22B197-1CF8-44B1-818D-F2A404DDE07F}.Release|x86.ActiveCfg = Release|x86
		{2E22B197-1CF8-44B1-818D-F2A404DDE07F}.Release|x86.Build.0 = Release|x86
		{A591C743-1630-4045-8A1E-165EDC6B061E}.Debug|Any CPU.ActiveCfg = Debug|Any CPU
		{A591C743-1630-4045-8A1E-165EDC6B061E}.Debug|Any CPU.Build.0 = Debug|Any CPU
		{A591C743-1630-4045-8A1E-165EDC6B061E}.Debug|x64.ActiveCfg = Debug|x64
		{A591C743-1630-4045-8A1E-165EDC6B061E}.Debug|x64.Build.0 = Debug|x64
		{A591C743-1630-4045-8A1E-165EDC6B061E}.Debug|x86.ActiveCfg = Debug|x86
		{A591C743-1630-4045-8A1E-165EDC6B061E}.Debug|x86.Build.0 = Debug|x86
		{A591C743-1630-4045-8A1E-165EDC6B061E}.Release|Any CPU.ActiveCfg = Release|Any CPU
		{A591C743-1630-4045-8A1E-165EDC6B061E}.Release|Any CPU.Build.0 = Release|Any CPU
		{A591C743-1630-4045-8A1E-165EDC6B061E}.Release|x64.ActiveCfg = Release|x64
		{A591C743-1630-4045-8A1E-165EDC6B061E}.Release|x64.Build.0 = Release|x64
		{A591C743-1630-4045-8A1E-165EDC6B061E}.Release|x86.ActiveCfg = Release|x86
		{A591C743-1630-4045-8A1E-165EDC6B061E}.Release|x86.Build.0 = Release|x86
		{64484D43-5AED-4AFF-9695-2FB6AD6B11F5}.Debug|Any CPU.ActiveCfg = Debug|Any CPU
		{64484D43-5AED-4AFF-9695-2FB6AD6B11F5}.Debug|Any CPU.Build.0 = Debug|Any CPU
		{64484D43-5AED-4AFF-9695-2FB6AD6B11F5}.Debug|x64.ActiveCfg = Debug|x64
		{64484D43-5AED-4AFF-9695-2FB6AD6B11F5}.Debug|x64.Build.0 = Debug|x64
		{64484D43-5AED-4AFF-9695-2FB6AD6B11F5}.Debug|x86.ActiveCfg = Debug|x86
		{64484D43-5AED-4AFF-9695-2FB6AD6B11F5}.Debug|x86.Build.0 = Debug|x86
		{64484D43-5AED-4AFF-9695-2FB6AD6B11F5}.Release|Any CPU.ActiveCfg = Release|Any CPU
		{64484D43-5AED-4AFF-9695-2FB6AD6B11F5}.Release|Any CPU.Build.0 = Release|Any CPU
		{64484D43-5AED-4AFF-9695-2FB6AD6B11F5}.Release|x64.ActiveCfg = Release|x64
		{64484D43-5AED-4AFF-9695-2FB6AD6B11F5}.Release|x64.Build.0 = Release|x64
		{64484D43-5AED-4AFF-9695-2FB6AD6B11F5}.Release|x86.ActiveCfg = Release|x86
		{64484D43-5AED-4AFF-9695-2FB6AD6B11F5}.Release|x86.Build.0 = Release|x86
		{E1759708-12D2-4C86-87D8-8AEE73BC4031}.Debug|Any CPU.ActiveCfg = Debug|Any CPU
		{E1759708-12D2-4C86-87D8-8AEE73BC4031}.Debug|Any CPU.Build.0 = Debug|Any CPU
		{E1759708-12D2-4C86-87D8-8AEE73BC4031}.Debug|x64.ActiveCfg = Debug|x64
		{E1759708-12D2-4C86-87D8-8AEE73BC4031}.Debug|x64.Build.0 = Debug|x64
		{E1759708-12D2-4C86-87D8-8AEE73BC4031}.Debug|x86.ActiveCfg = Debug|x86
		{E1759708-12D2-4C86-87D8-8AEE73BC4031}.Debug|x86.Build.0 = Debug|x86
		{E1759708-12D2-4C86-87D8-8AEE73BC4031}.Release|Any CPU.ActiveCfg = Release|Any CPU
		{E1759708-12D2-4C86-87D8-8AEE73BC4031}.Release|Any CPU.Build.0 = Release|Any CPU
		{E1759708-12D2-4C86-87D8-8AEE73BC4031}.Release|x64.ActiveCfg = Release|x64
		{E1759708-12D2-4C86-87D8-8AEE73BC4031}.Release|x64.Build.0 = Release|x64
		{E1759708-12D2-4C86-87D8-8AEE73BC4031}.Release|x86.ActiveCfg = Release|x86
		{E1759708-12D2-4C86-87D8-8AEE73BC4031}.Release|x86.Build.0 = Release|x86
		{BA4D55B7-5836-42D2-A883-D2F0B5D27BF8}.Debug|Any CPU.ActiveCfg = Debug|Any CPU
		{BA4D55B7-5836-42D2-A883-D2F0B5D27BF8}.Debug|Any CPU.Build.0 = Debug|Any CPU
		{BA4D55B7-5836-42D2-A883-D2F0B5D27BF8}.Debug|x64.ActiveCfg = Debug|x64
		{BA4D55B7-5836-42D2-A883-D2F0B5D27BF8}.Debug|x64.Build.0 = Debug|x64
		{BA4D55B7-5836-42D2-A883-D2F0B5D27BF8}.Debug|x86.ActiveCfg = Debug|x86
		{BA4D55B7-5836-42D2-A883-D2F0B5D27BF8}.Debug|x86.Build.0 = Debug|x86
		{BA4D55B7-5836-42D2-A883-D2F0B5D27BF8}.Release|Any CPU.ActiveCfg = Release|Any CPU
		{BA4D55B7-5836-42D2-A883-D2F0B5D27BF8}.Release|Any CPU.Build.0 = Release|Any CPU
		{BA4D55B7-5836-42D2-A883-D2F0B5D27BF8}.Release|x64.ActiveCfg = Release|x64
		{BA4D55B7-5836-42D2-A883-D2F0B5D27BF8}.Release|x64.Build.0 = Release|x64
		{BA4D55B7-5836-42D2-A883-D2F0B5D27BF8}.Release|x86.ActiveCfg = Release|x86
		{BA4D55B7-5836-42D2-A883-D2F0B5D27BF8}.Release|x86.Build.0 = Release|x86
		{26448FFC-A08C-4E40-AA57-4B3B84C4E275}.Debug|Any CPU.ActiveCfg = Debug|Any CPU
		{26448FFC-A08C-4E40-AA57-4B3B84C4E275}.Debug|Any CPU.Build.0 = Debug|Any CPU
		{26448FFC-A08C-4E40-AA57-4B3B84C4E275}.Debug|x64.ActiveCfg = Debug|x64
		{26448FFC-A08C-4E40-AA57-4B3B84C4E275}.Debug|x64.Build.0 = Debug|x64
		{26448FFC-A08C-4E40-AA57-4B3B84C4E275}.Debug|x86.ActiveCfg = Debug|x86
		{26448FFC-A08C-4E40-AA57-4B3B84C4E275}.Debug|x86.Build.0 = Debug|x86
		{26448FFC-A08C-4E40-AA57-4B3B84C4E275}.Release|Any CPU.ActiveCfg = Release|Any CPU
		{26448FFC-A08C-4E40-AA57-4B3B84C4E275}.Release|Any CPU.Build.0 = Release|Any CPU
		{26448FFC-A08C-4E40-AA57-4B3B84C4E275}.Release|x64.ActiveCfg = Release|x64
		{26448FFC-A08C-4E40-AA57-4B3B84C4E275}.Release|x64.Build.0 = Release|x64
		{26448FFC-A08C-4E40-AA57-4B3B84C4E275}.Release|x86.ActiveCfg = Release|x86
		{26448FFC-A08C-4E40-AA57-4B3B84C4E275}.Release|x86.Build.0 = Release|x86
		{E341415E-AD89-419B-9F95-E44500B3E2E8}.Debug|Any CPU.ActiveCfg = Debug|Any CPU
		{E341415E-AD89-419B-9F95-E44500B3E2E8}.Debug|Any CPU.Build.0 = Debug|Any CPU
		{E341415E-AD89-419B-9F95-E44500B3E2E8}.Debug|x64.ActiveCfg = Debug|x64
		{E341415E-AD89-419B-9F95-E44500B3E2E8}.Debug|x64.Build.0 = Debug|x64
		{E341415E-AD89-419B-9F95-E44500B3E2E8}.Debug|x86.ActiveCfg = Debug|x86
		{E341415E-AD89-419B-9F95-E44500B3E2E8}.Debug|x86.Build.0 = Debug|x86
		{E341415E-AD89-419B-9F95-E44500B3E2E8}.Release|Any CPU.ActiveCfg = Release|Any CPU
		{E341415E-AD89-419B-9F95-E44500B3E2E8}.Release|Any CPU.Build.0 = Release|Any CPU
		{E341415E-AD89-419B-9F95-E44500B3E2E8}.Release|x64.ActiveCfg = Release|x64
		{E341415E-AD89-419B-9F95-E44500B3E2E8}.Release|x64.Build.0 = Release|x64
		{E341415E-AD89-419B-9F95-E44500B3E2E8}.Release|x86.ActiveCfg = Release|x86
		{E341415E-AD89-419B-9F95-E44500B3E2E8}.Release|x86.Build.0 = Release|x86
		{C016AA87-02DB-4872-AEA8-8C43A01C34CC}.Debug|Any CPU.ActiveCfg = Debug|Any CPU
		{C016AA87-02DB-4872-AEA8-8C43A01C34CC}.Debug|Any CPU.Build.0 = Debug|Any CPU
		{C016AA87-02DB-4872-AEA8-8C43A01C34CC}.Debug|x64.ActiveCfg = Debug|x64
		{C016AA87-02DB-4872-AEA8-8C43A01C34CC}.Debug|x64.Build.0 = Debug|x64
		{C016AA87-02DB-4872-AEA8-8C43A01C34CC}.Debug|x86.ActiveCfg = Debug|x86
		{C016AA87-02DB-4872-AEA8-8C43A01C34CC}.Debug|x86.Build.0 = Debug|x86
		{C016AA87-02DB-4872-AEA8-8C43A01C34CC}.Release|Any CPU.ActiveCfg = Release|Any CPU
		{C016AA87-02DB-4872-AEA8-8C43A01C34CC}.Release|Any CPU.Build.0 = Release|Any CPU
		{C016AA87-02DB-4872-AEA8-8C43A01C34CC}.Release|x64.ActiveCfg = Release|x64
		{C016AA87-02DB-4872-AEA8-8C43A01C34CC}.Release|x64.Build.0 = Release|x64
		{C016AA87-02DB-4872-AEA8-8C43A01C34CC}.Release|x86.ActiveCfg = Release|x86
		{C016AA87-02DB-4872-AEA8-8C43A01C34CC}.Release|x86.Build.0 = Release|x86
		{D0EEF0AA-3EF9-465B-B803-D6688EAF058F}.Debug|Any CPU.ActiveCfg = Debug|Any CPU
		{D0EEF0AA-3EF9-465B-B803-D6688EAF058F}.Debug|Any CPU.Build.0 = Debug|Any CPU
		{D0EEF0AA-3EF9-465B-B803-D6688EAF058F}.Debug|x64.ActiveCfg = Debug|x64
		{D0EEF0AA-3EF9-465B-B803-D6688EAF058F}.Debug|x64.Build.0 = Debug|x64
		{D0EEF0AA-3EF9-465B-B803-D6688EAF058F}.Debug|x86.ActiveCfg = Debug|x86
		{D0EEF0AA-3EF9-465B-B803-D6688EAF058F}.Debug|x86.Build.0 = Debug|x86
		{D0EEF0AA-3EF9-465B-B803-D6688EAF058F}.Release|Any CPU.ActiveCfg = Release|Any CPU
		{D0EEF0AA-3EF9-465B-B803-D6688EAF058F}.Release|Any CPU.Build.0 = Release|Any CPU
		{D0EEF0AA-3EF9-465B-B803-D6688EAF058F}.Release|x64.ActiveCfg = Release|x64
		{D0EEF0AA-3EF9-465B-B803-D6688EAF058F}.Release|x64.Build.0 = Release|x64
		{D0EEF0AA-3EF9-465B-B803-D6688EAF058F}.Release|x86.ActiveCfg = Release|x86
		{D0EEF0AA-3EF9-465B-B803-D6688EAF058F}.Release|x86.Build.0 = Release|x86
		{D8D8644F-F860-4F58-BE43-412F071E8A53}.Debug|Any CPU.ActiveCfg = Debug|Any CPU
		{D8D8644F-F860-4F58-BE43-412F071E8A53}.Debug|Any CPU.Build.0 = Debug|Any CPU
		{D8D8644F-F860-4F58-BE43-412F071E8A53}.Debug|x64.ActiveCfg = Debug|x64
		{D8D8644F-F860-4F58-BE43-412F071E8A53}.Debug|x64.Build.0 = Debug|x64
		{D8D8644F-F860-4F58-BE43-412F071E8A53}.Debug|x86.ActiveCfg = Debug|x86
		{D8D8644F-F860-4F58-BE43-412F071E8A53}.Debug|x86.Build.0 = Debug|x86
		{D8D8644F-F860-4F58-BE43-412F071E8A53}.Release|Any CPU.ActiveCfg = Release|Any CPU
		{D8D8644F-F860-4F58-BE43-412F071E8A53}.Release|Any CPU.Build.0 = Release|Any CPU
		{D8D8644F-F860-4F58-BE43-412F071E8A53}.Release|x64.ActiveCfg = Release|x64
		{D8D8644F-F860-4F58-BE43-412F071E8A53}.Release|x64.Build.0 = Release|x64
		{D8D8644F-F860-4F58-BE43-412F071E8A53}.Release|x86.ActiveCfg = Release|x86
		{D8D8644F-F860-4F58-BE43-412F071E8A53}.Release|x86.Build.0 = Release|x86
		{2971FA9D-5685-430A-A8CF-76CE4FE890B2}.Debug|Any CPU.ActiveCfg = Debug|Any CPU
		{2971FA9D-5685-430A-A8CF-76CE4FE890B2}.Debug|Any CPU.Build.0 = Debug|Any CPU
		{2971FA9D-5685-430A-A8CF-76CE4FE890B2}.Debug|x64.ActiveCfg = Debug|x64
		{2971FA9D-5685-430A-A8CF-76CE4FE890B2}.Debug|x64.Build.0 = Debug|x64
		{2971FA9D-5685-430A-A8CF-76CE4FE890B2}.Debug|x86.ActiveCfg = Debug|x86
		{2971FA9D-5685-430A-A8CF-76CE4FE890B2}.Debug|x86.Build.0 = Debug|x86
		{2971FA9D-5685-430A-A8CF-76CE4FE890B2}.Release|Any CPU.ActiveCfg = Release|Any CPU
		{2971FA9D-5685-430A-A8CF-76CE4FE890B2}.Release|Any CPU.Build.0 = Release|Any CPU
		{2971FA9D-5685-430A-A8CF-76CE4FE890B2}.Release|x64.ActiveCfg = Release|x64
		{2971FA9D-5685-430A-A8CF-76CE4FE890B2}.Release|x64.Build.0 = Release|x64
		{2971FA9D-5685-430A-A8CF-76CE4FE890B2}.Release|x86.ActiveCfg = Release|x86
		{2971FA9D-5685-430A-A8CF-76CE4FE890B2}.Release|x86.Build.0 = Release|x86
		{CC7D7269-ADDD-40C6-8092-688B9DF0AC4B}.Debug|Any CPU.ActiveCfg = Debug|Any CPU
		{CC7D7269-ADDD-40C6-8092-688B9DF0AC4B}.Debug|Any CPU.Build.0 = Debug|Any CPU
		{CC7D7269-ADDD-40C6-8092-688B9DF0AC4B}.Debug|x64.ActiveCfg = Debug|x64
		{CC7D7269-ADDD-40C6-8092-688B9DF0AC4B}.Debug|x64.Build.0 = Debug|x64
		{CC7D7269-ADDD-40C6-8092-688B9DF0AC4B}.Debug|x86.ActiveCfg = Debug|x86
		{CC7D7269-ADDD-40C6-8092-688B9DF0AC4B}.Debug|x86.Build.0 = Debug|x86
		{CC7D7269-ADDD-40C6-8092-688B9DF0AC4B}.Release|Any CPU.ActiveCfg = Release|Any CPU
		{CC7D7269-ADDD-40C6-8092-688B9DF0AC4B}.Release|Any CPU.Build.0 = Release|Any CPU
		{CC7D7269-ADDD-40C6-8092-688B9DF0AC4B}.Release|x64.ActiveCfg = Release|x64
		{CC7D7269-ADDD-40C6-8092-688B9DF0AC4B}.Release|x64.Build.0 = Release|x64
		{CC7D7269-ADDD-40C6-8092-688B9DF0AC4B}.Release|x86.ActiveCfg = Release|x86
		{CC7D7269-ADDD-40C6-8092-688B9DF0AC4B}.Release|x86.Build.0 = Release|x86
		{27EC66CE-1783-4DBE-B40B-9D021A82A707}.Debug|Any CPU.ActiveCfg = Debug|Any CPU
		{27EC66CE-1783-4DBE-B40B-9D021A82A707}.Debug|Any CPU.Build.0 = Debug|Any CPU
		{27EC66CE-1783-4DBE-B40B-9D021A82A707}.Debug|x64.ActiveCfg = Debug|x64
		{27EC66CE-1783-4DBE-B40B-9D021A82A707}.Debug|x64.Build.0 = Debug|x64
		{27EC66CE-1783-4DBE-B40B-9D021A82A707}.Debug|x86.ActiveCfg = Debug|x86
		{27EC66CE-1783-4DBE-B40B-9D021A82A707}.Debug|x86.Build.0 = Debug|x86
		{27EC66CE-1783-4DBE-B40B-9D021A82A707}.Release|Any CPU.ActiveCfg = Release|Any CPU
		{27EC66CE-1783-4DBE-B40B-9D021A82A707}.Release|Any CPU.Build.0 = Release|Any CPU
		{27EC66CE-1783-4DBE-B40B-9D021A82A707}.Release|x64.ActiveCfg = Release|x64
		{27EC66CE-1783-4DBE-B40B-9D021A82A707}.Release|x64.Build.0 = Release|x64
		{27EC66CE-1783-4DBE-B40B-9D021A82A707}.Release|x86.ActiveCfg = Release|x86
		{27EC66CE-1783-4DBE-B40B-9D021A82A707}.Release|x86.Build.0 = Release|x86
		{C1993259-EE1E-4677-90B8-9D6D00B81101}.Debug|Any CPU.ActiveCfg = Debug|Any CPU
		{C1993259-EE1E-4677-90B8-9D6D00B81101}.Debug|Any CPU.Build.0 = Debug|Any CPU
		{C1993259-EE1E-4677-90B8-9D6D00B81101}.Debug|x64.ActiveCfg = Debug|x64
		{C1993259-EE1E-4677-90B8-9D6D00B81101}.Debug|x64.Build.0 = Debug|x64
		{C1993259-EE1E-4677-90B8-9D6D00B81101}.Debug|x86.ActiveCfg = Debug|x86
		{C1993259-EE1E-4677-90B8-9D6D00B81101}.Debug|x86.Build.0 = Debug|x86
		{C1993259-EE1E-4677-90B8-9D6D00B81101}.Release|Any CPU.ActiveCfg = Release|Any CPU
		{C1993259-EE1E-4677-90B8-9D6D00B81101}.Release|Any CPU.Build.0 = Release|Any CPU
		{C1993259-EE1E-4677-90B8-9D6D00B81101}.Release|x64.ActiveCfg = Release|x64
		{C1993259-EE1E-4677-90B8-9D6D00B81101}.Release|x64.Build.0 = Release|x64
		{C1993259-EE1E-4677-90B8-9D6D00B81101}.Release|x86.ActiveCfg = Release|x86
		{C1993259-EE1E-4677-90B8-9D6D00B81101}.Release|x86.Build.0 = Release|x86
		{0A61C016-5DC8-4D69-BDFC-922BA62F3231}.Debug|Any CPU.ActiveCfg = Debug|Any CPU
		{0A61C016-5DC8-4D69-BDFC-922BA62F3231}.Debug|Any CPU.Build.0 = Debug|Any CPU
		{0A61C016-5DC8-4D69-BDFC-922BA62F3231}.Debug|x64.ActiveCfg = Debug|x64
		{0A61C016-5DC8-4D69-BDFC-922BA62F3231}.Debug|x64.Build.0 = Debug|x64
		{0A61C016-5DC8-4D69-BDFC-922BA62F3231}.Debug|x86.ActiveCfg = Debug|x86
		{0A61C016-5DC8-4D69-BDFC-922BA62F3231}.Debug|x86.Build.0 = Debug|x86
		{0A61C016-5DC8-4D69-BDFC-922BA62F3231}.Release|Any CPU.ActiveCfg = Release|Any CPU
		{0A61C016-5DC8-4D69-BDFC-922BA62F3231}.Release|Any CPU.Build.0 = Release|Any CPU
		{0A61C016-5DC8-4D69-BDFC-922BA62F3231}.Release|x64.ActiveCfg = Release|x64
		{0A61C016-5DC8-4D69-BDFC-922BA62F3231}.Release|x64.Build.0 = Release|x64
		{0A61C016-5DC8-4D69-BDFC-922BA62F3231}.Release|x86.ActiveCfg = Release|x86
		{0A61C016-5DC8-4D69-BDFC-922BA62F3231}.Release|x86.Build.0 = Release|x86
		{90E5124D-09E8-429A-ABA9-732730A1CF7C}.Debug|Any CPU.ActiveCfg = Debug|Any CPU
		{90E5124D-09E8-429A-ABA9-732730A1CF7C}.Debug|Any CPU.Build.0 = Debug|Any CPU
		{90E5124D-09E8-429A-ABA9-732730A1CF7C}.Debug|x64.ActiveCfg = Debug|x64
		{90E5124D-09E8-429A-ABA9-732730A1CF7C}.Debug|x64.Build.0 = Debug|x64
		{90E5124D-09E8-429A-ABA9-732730A1CF7C}.Debug|x86.ActiveCfg = Debug|x86
		{90E5124D-09E8-429A-ABA9-732730A1CF7C}.Debug|x86.Build.0 = Debug|x86
		{90E5124D-09E8-429A-ABA9-732730A1CF7C}.Release|Any CPU.ActiveCfg = Release|Any CPU
		{90E5124D-09E8-429A-ABA9-732730A1CF7C}.Release|Any CPU.Build.0 = Release|Any CPU
		{90E5124D-09E8-429A-ABA9-732730A1CF7C}.Release|x64.ActiveCfg = Release|x64
		{90E5124D-09E8-429A-ABA9-732730A1CF7C}.Release|x64.Build.0 = Release|x64
		{90E5124D-09E8-429A-ABA9-732730A1CF7C}.Release|x86.ActiveCfg = Release|x86
		{90E5124D-09E8-429A-ABA9-732730A1CF7C}.Release|x86.Build.0 = Release|x86
		{2BF17D79-39F4-441C-912D-ED182B7881F5}.Debug|Any CPU.ActiveCfg = Debug|Any CPU
		{2BF17D79-39F4-441C-912D-ED182B7881F5}.Debug|Any CPU.Build.0 = Debug|Any CPU
		{2BF17D79-39F4-441C-912D-ED182B7881F5}.Debug|x64.ActiveCfg = Debug|x64
		{2BF17D79-39F4-441C-912D-ED182B7881F5}.Debug|x64.Build.0 = Debug|x64
		{2BF17D79-39F4-441C-912D-ED182B7881F5}.Debug|x86.ActiveCfg = Debug|x86
		{2BF17D79-39F4-441C-912D-ED182B7881F5}.Debug|x86.Build.0 = Debug|x86
		{2BF17D79-39F4-441C-912D-ED182B7881F5}.Release|Any CPU.ActiveCfg = Release|Any CPU
		{2BF17D79-39F4-441C-912D-ED182B7881F5}.Release|Any CPU.Build.0 = Release|Any CPU
		{2BF17D79-39F4-441C-912D-ED182B7881F5}.Release|x64.ActiveCfg = Release|x64
		{2BF17D79-39F4-441C-912D-ED182B7881F5}.Release|x64.Build.0 = Release|x64
		{2BF17D79-39F4-441C-912D-ED182B7881F5}.Release|x86.ActiveCfg = Release|x86
		{2BF17D79-39F4-441C-912D-ED182B7881F5}.Release|x86.Build.0 = Release|x86
		{7B4840CD-6509-488F-AE19-763245B9732B}.Debug|Any CPU.ActiveCfg = Debug|Any CPU
		{7B4840CD-6509-488F-AE19-763245B9732B}.Debug|Any CPU.Build.0 = Debug|Any CPU
		{7B4840CD-6509-488F-AE19-763245B9732B}.Debug|x64.ActiveCfg = Debug|x64
		{7B4840CD-6509-488F-AE19-763245B9732B}.Debug|x64.Build.0 = Debug|x64
		{7B4840CD-6509-488F-AE19-763245B9732B}.Debug|x86.ActiveCfg = Debug|x86
		{7B4840CD-6509-488F-AE19-763245B9732B}.Debug|x86.Build.0 = Debug|x86
		{7B4840CD-6509-488F-AE19-763245B9732B}.Release|Any CPU.ActiveCfg = Release|Any CPU
		{7B4840CD-6509-488F-AE19-763245B9732B}.Release|Any CPU.Build.0 = Release|Any CPU
		{7B4840CD-6509-488F-AE19-763245B9732B}.Release|x64.ActiveCfg = Release|x64
		{7B4840CD-6509-488F-AE19-763245B9732B}.Release|x64.Build.0 = Release|x64
		{7B4840CD-6509-488F-AE19-763245B9732B}.Release|x86.ActiveCfg = Release|x86
		{7B4840CD-6509-488F-AE19-763245B9732B}.Release|x86.Build.0 = Release|x86
		{AEC05008-5ED8-4515-84F1-D70101060EF6}.Debug|Any CPU.ActiveCfg = Debug|Any CPU
		{AEC05008-5ED8-4515-84F1-D70101060EF6}.Debug|Any CPU.Build.0 = Debug|Any CPU
		{AEC05008-5ED8-4515-84F1-D70101060EF6}.Debug|x64.ActiveCfg = Debug|x64
		{AEC05008-5ED8-4515-84F1-D70101060EF6}.Debug|x64.Build.0 = Debug|x64
		{AEC05008-5ED8-4515-84F1-D70101060EF6}.Debug|x86.ActiveCfg = Debug|x86
		{AEC05008-5ED8-4515-84F1-D70101060EF6}.Debug|x86.Build.0 = Debug|x86
		{AEC05008-5ED8-4515-84F1-D70101060EF6}.Release|Any CPU.ActiveCfg = Release|Any CPU
		{AEC05008-5ED8-4515-84F1-D70101060EF6}.Release|Any CPU.Build.0 = Release|Any CPU
		{AEC05008-5ED8-4515-84F1-D70101060EF6}.Release|x64.ActiveCfg = Release|x64
		{AEC05008-5ED8-4515-84F1-D70101060EF6}.Release|x64.Build.0 = Release|x64
		{AEC05008-5ED8-4515-84F1-D70101060EF6}.Release|x86.ActiveCfg = Release|x86
		{AEC05008-5ED8-4515-84F1-D70101060EF6}.Release|x86.Build.0 = Release|x86
		{401B1E8B-E149-472E-B268-DC8940D86887}.Debug|Any CPU.ActiveCfg = Debug|Any CPU
		{401B1E8B-E149-472E-B268-DC8940D86887}.Debug|Any CPU.Build.0 = Debug|Any CPU
		{401B1E8B-E149-472E-B268-DC8940D86887}.Debug|x64.ActiveCfg = Debug|x64
		{401B1E8B-E149-472E-B268-DC8940D86887}.Debug|x64.Build.0 = Debug|x64
		{401B1E8B-E149-472E-B268-DC8940D86887}.Debug|x86.ActiveCfg = Debug|x86
		{401B1E8B-E149-472E-B268-DC8940D86887}.Debug|x86.Build.0 = Debug|x86
		{401B1E8B-E149-472E-B268-DC8940D86887}.Release|Any CPU.ActiveCfg = Release|Any CPU
		{401B1E8B-E149-472E-B268-DC8940D86887}.Release|Any CPU.Build.0 = Release|Any CPU
		{401B1E8B-E149-472E-B268-DC8940D86887}.Release|x64.ActiveCfg = Release|x64
		{401B1E8B-E149-472E-B268-DC8940D86887}.Release|x64.Build.0 = Release|x64
		{401B1E8B-E149-472E-B268-DC8940D86887}.Release|x86.ActiveCfg = Release|x86
		{401B1E8B-E149-472E-B268-DC8940D86887}.Release|x86.Build.0 = Release|x86
		{82036008-C63F-43BE-92EB-1B132CF0A3D2}.Debug|Any CPU.ActiveCfg = Debug|Any CPU
		{82036008-C63F-43BE-92EB-1B132CF0A3D2}.Debug|Any CPU.Build.0 = Debug|Any CPU
		{82036008-C63F-43BE-92EB-1B132CF0A3D2}.Debug|x64.ActiveCfg = Debug|x64
		{82036008-C63F-43BE-92EB-1B132CF0A3D2}.Debug|x64.Build.0 = Debug|x64
		{82036008-C63F-43BE-92EB-1B132CF0A3D2}.Debug|x86.ActiveCfg = Debug|x86
		{82036008-C63F-43BE-92EB-1B132CF0A3D2}.Debug|x86.Build.0 = Debug|x86
		{82036008-C63F-43BE-92EB-1B132CF0A3D2}.Release|Any CPU.ActiveCfg = Release|Any CPU
		{82036008-C63F-43BE-92EB-1B132CF0A3D2}.Release|Any CPU.Build.0 = Release|Any CPU
		{82036008-C63F-43BE-92EB-1B132CF0A3D2}.Release|x64.ActiveCfg = Release|x64
		{82036008-C63F-43BE-92EB-1B132CF0A3D2}.Release|x64.Build.0 = Release|x64
		{82036008-C63F-43BE-92EB-1B132CF0A3D2}.Release|x86.ActiveCfg = Release|x86
		{82036008-C63F-43BE-92EB-1B132CF0A3D2}.Release|x86.Build.0 = Release|x86
		{CC3446D6-E212-4E34-8DF0-D93D5FB5017F}.Debug|Any CPU.ActiveCfg = Debug|Any CPU
		{CC3446D6-E212-4E34-8DF0-D93D5FB5017F}.Debug|Any CPU.Build.0 = Debug|Any CPU
		{CC3446D6-E212-4E34-8DF0-D93D5FB5017F}.Debug|x64.ActiveCfg = Debug|x64
		{CC3446D6-E212-4E34-8DF0-D93D5FB5017F}.Debug|x64.Build.0 = Debug|x64
		{CC3446D6-E212-4E34-8DF0-D93D5FB5017F}.Debug|x86.ActiveCfg = Debug|x86
		{CC3446D6-E212-4E34-8DF0-D93D5FB5017F}.Debug|x86.Build.0 = Debug|x86
		{CC3446D6-E212-4E34-8DF0-D93D5FB5017F}.Release|Any CPU.ActiveCfg = Release|Any CPU
		{CC3446D6-E212-4E34-8DF0-D93D5FB5017F}.Release|Any CPU.Build.0 = Release|Any CPU
		{CC3446D6-E212-4E34-8DF0-D93D5FB5017F}.Release|x64.ActiveCfg = Release|x64
		{CC3446D6-E212-4E34-8DF0-D93D5FB5017F}.Release|x64.Build.0 = Release|x64
		{CC3446D6-E212-4E34-8DF0-D93D5FB5017F}.Release|x86.ActiveCfg = Release|x86
		{CC3446D6-E212-4E34-8DF0-D93D5FB5017F}.Release|x86.Build.0 = Release|x86
		{176DC3FA-8A47-4D94-B8CB-A35B570819BA}.Debug|Any CPU.ActiveCfg = Debug|Any CPU
		{176DC3FA-8A47-4D94-B8CB-A35B570819BA}.Debug|Any CPU.Build.0 = Debug|Any CPU
		{176DC3FA-8A47-4D94-B8CB-A35B570819BA}.Debug|x64.ActiveCfg = Debug|x64
		{176DC3FA-8A47-4D94-B8CB-A35B570819BA}.Debug|x64.Build.0 = Debug|x64
		{176DC3FA-8A47-4D94-B8CB-A35B570819BA}.Debug|x86.ActiveCfg = Debug|x86
		{176DC3FA-8A47-4D94-B8CB-A35B570819BA}.Debug|x86.Build.0 = Debug|x86
		{176DC3FA-8A47-4D94-B8CB-A35B570819BA}.Release|Any CPU.ActiveCfg = Release|Any CPU
		{176DC3FA-8A47-4D94-B8CB-A35B570819BA}.Release|Any CPU.Build.0 = Release|Any CPU
		{176DC3FA-8A47-4D94-B8CB-A35B570819BA}.Release|x64.ActiveCfg = Release|x64
		{176DC3FA-8A47-4D94-B8CB-A35B570819BA}.Release|x64.Build.0 = Release|x64
		{176DC3FA-8A47-4D94-B8CB-A35B570819BA}.Release|x86.ActiveCfg = Release|x86
		{176DC3FA-8A47-4D94-B8CB-A35B570819BA}.Release|x86.Build.0 = Release|x86
	EndGlobalSection
	GlobalSection(SolutionProperties) = preSolution
		HideSolutionNode = FALSE
	EndGlobalSection
	GlobalSection(ExtensibilityGlobals) = postSolution
		SolutionGuid = {F6774475-1544-407B-8BBB-7FF321A63925}
	EndGlobalSection
EndGlobal
